{
  "version": 4,
  "terraform_version": "1.6.2",
  "serial": 23,
  "lineage": "ff950f69-9cd5-fa1e-cc33-8ec27ad48374",
  "outputs": {},
  "resources": [
    {
      "mode": "managed",
      "type": "newrelic_one_dashboard",
      "name": "shanu20922dash",
      "provider": "provider[\"registry.terraform.io/newrelic/newrelic\"]",
      "instances": [
        {
          "schema_version": 0,
          "attributes": {
            "account_id": 4043696,
            "description": null,
            "guid": "NDA0MzY5NnxWSVp8REFTSEJPQVJEfGRhOjQ0OTEzNDI",
            "id": "NDA0MzY5NnxWSVp8REFTSEJPQVJEfGRhOjQ0OTEzNDI",
            "name": "New-Relic-Terraform-2023",
            "page": [
              {
                "description": "",
                "guid": "NDA0MzY5NnxWSVp8REFTSEJPQVJEfDEyMzk4MzYx",
                "name": "New Relic Terraform page-1",
                "widget_area": [],
                "widget_bar": [
                  {
                    "column": 1,
                    "height": 3,
                    "id": "181404609",
                    "linked_entity_guids": [],
                    "nrql_query": [
                      {
                        "account_id": 4043696,
                        "query": "FROM Transaction SELECT average(duration) FACET appName"
                      }
                    ],
                    "row": 2,
                    "title": "Average transaction duration, by application",
                    "width": 6
                  }
                ],
                "widget_billboard": [
                  {
                    "column": 1,
                    "critical": 0,
                    "height": 3,
                    "id": "181404610",
                    "nrql_query": [
                      {
                        "account_id": 4043696,
                        "query": "FROM Transaction SELECT rate(count(*), 1 minute)"
                      }
                    ],
                    "row": 1,
                    "title": "Requests per minute.",
                    "warning": 0,
                    "width": 3
                  }
                ],
                "widget_bullet": [],
                "widget_funnel": [],
                "widget_heatmap": [],
                "widget_histogram": [],
                "widget_json": [],
                "widget_line": [
                  {
                    "column": 4,
                    "height": 3,
                    "id": "181404611",
                    "nrql_query": [
                      {
                        "account_id": 4043696,
                        "query": "FROM Transaction select max(duration) as 'max duration' where httpResponseCode = '504' timeseries since 5 minutes ago"
                      }
                    ],
                    "row": 1,
                    "title": "Average transaction duration and the request per minute, by application",
                    "width": 3
                  }
                ],
                "widget_markdown": [],
                "widget_pie": [],
                "widget_table": []
              },
              {
                "description": "",
                "guid": "NDA0MzY5NnxWSVp8REFTSEJPQVJEfDEyMzk5NDY5",
                "name": "New Relic Terraform page 2 ",
                "widget_area": [],
                "widget_bar": [
                  {
                    "column": 1,
                    "height": 3,
                    "id": "181418188",
                    "linked_entity_guids": [],
                    "nrql_query": [
                      {
                        "account_id": 4043696,
                        "query": "FROM Transaction SELECT average(duration) FACET appName"
                      }
                    ],
                    "row": 2,
                    "title": "Average transaction duration, by application",
                    "width": 3
                  }
                ],
                "widget_billboard": [],
                "widget_bullet": [],
                "widget_funnel": [],
                "widget_heatmap": [],
                "widget_histogram": [],
                "widget_json": [],
                "widget_line": [],
                "widget_markdown": [],
                "widget_pie": [],
                "widget_table": []
              }
            ],
            "permalink": "https://one.newrelic.com/redirect/entity/NDA0MzY5NnxWSVp8REFTSEJPQVJEfGRhOjQ0OTEzNDI",
            "permissions": "public_read_only"
          },
          "sensitive_attributes": [],
          "private": "bnVsbA=="
        }
      ]
    }
  ],
  "check_results": null
}
